# This file is automatically @generated by Cargo.
# It is not intended for manual editing.
version = 4

[[package]]
name = "arrayref"
version = "0.3.9"
source = "registry+https://github.com/rust-lang/crates.io-index"
checksum = "76a2e8124351fda1ef8aaaa3bbd7ebbcb486bbcd4225aca0aa0d84bb2db8fecb"

[[package]]
name = "arrayvec"
version = "0.7.8"
source = "registry+https://github.com/rust-lang/crates.io-index"
checksum = "d3fb67a6e08acf24fdeccbac2cb6ac4305825bd1f117462e0e6f2f193345ad56"

[[package]]
name = "blake3"
version = "1.8.2"
source = "registry+https://github.com/rust-lang/crates.io-index"
checksum = "3888aaa89e4b2a40fca9848e400f6a658a5a3978de7be858e209cafa8be9a4a0"
dependencies = [
 "arrayref",
 "arrayvec",
 "cc",
 "cfg-if",
 "constant_time_eq",
]

[[package]]
name = "cc"
version = "1.4.4"
source = "registry+https://github.com/rust-lang/crates.io-index"
checksum = "0ad534f4357a5264cce5019c989cf66a4f0dc4e0d1b1d15f8aacec0ff7360273"
dependencies = [
 "find-msvc-tools",
 "shlex",
]

[[package]]
name = "cfg-if"
version = "1.0.4"
source = "registry+https://github.com/rust-lang/crates.io-index"
checksum = "9330f8b2ff13f34540b44e946ef35111825727b38d33286ef986142615121801"

[[package]]
name = "constant_time_eq"
version = "0.3.1"
source = "registry+https://github.com/rust-lang/crates.io-index"
checksum = "7c74b8349d32d297c9134b8c88677813a227df8f779daa29bfc29c183fe3dca6"

[[package]]
name = "find-msvc-tools"
version = "0.1.11"
source = "registry+https://github.com/rust-lang/crates.io-index"
checksum = "d45db016d36b838f563236e9193d0ee6ce38f3f68b6c94e914b4929c96bbb890"

[[package]]
name = "shlex"
version = "2.0.1"
source = "registry+https://github.com/rust-lang/crates.io-index"
checksum = "f8fadd59c855ef2080decdef8ff161eb6661b86933c9d82e5ba29dc602a55aba"

[[package]]
name = "sley-adapter"
version = "2.0.0-alpha.0"
dependencies = [
 "blake3",
 "sley-check",
 "sley-id",
 "sley-policy",
 "sley-ssmc",
]

[[package]]
name = "sley-check"
version = "2.0.0-alpha.0"
dependencies = [
 "sley-id",
 "sley-ssmc",
]

[[package]]
name = "sley-fuzz"
version = "0.0.0"
dependencies = [
 "sley-adapter",
 "sley-check",
 "sley-id",
 "sley-mutate",
 "sley-policy",
 "sley-query",
 "sley-repo",
 "sley-scb1",
 "sley-schema",
 "sley-ssmc",
 "sley-store",
 "sley-txn",
 "sley-vm",
]

[[package]]
name = "sley-id"
version = "2.0.0-alpha.0"
dependencies = [
 "blake3",
]

[[package]]
name = "sley-mutate"
version = "2.0.0-alpha.0"
dependencies = [
 "sley-id",
 "sley-scb1",
 "sley-schema",
 "sley-ssmc",
]

[[package]]
name = "sley-policy"
version = "2.0.0-alpha.0"
dependencies = [
 "blake3",
 "sley-check",
 "sley-id",
 "sley-mutate",
 "sley-scb1",
 "sley-schema",
 "sley-ssmc",
 "sley-state-root",
]

[[package]]
name = "sley-query"
version = "2.0.0-alpha.0"
dependencies = [
 "sley-check",
 "sley-id",
 "sley-ssmc",
]

[[package]]
name = "sley-repo"
version = "2.0.0-alpha.0"
dependencies = [
 "blake3",
 "sley-id",
 "sley-scb1",
 "sley-schema",
 "sley-state-root",
 "sley-store",
]

[[package]]
name = "sley-scb1"
version = "2.0.0-alpha.0"
dependencies = [
 "blake3",
 "sley-id",
 "unicode-normalization",
]

[[package]]
name = "sley-schema"
version = "2.0.0-alpha.0"
dependencies = [
 "sley-id",
 "sley-scb1",
]

[[package]]
name = "sley-ssmc"
version = "2.0.0-alpha.0"
dependencies = [
 "sley-id",
]

[[package]]
name = "sley-state-root"
version = "2.0.0-alpha.0"
dependencies = [
 "sley-id",
 "sley-scb1",
 "sley-schema",
]

[[package]]
name = "sley-store"
version = "2.0.0-alpha.0"
dependencies = [
 "sley-id",
 "sley-scb1",
]

[[package]]
name = "sley-txn"
version = "2.0.0-alpha.0"
dependencies = [
 "blake3",
 "sley-id",
 "sley-mutate",
 "sley-policy",
 "sley-scb1",
 "sley-state-root",
 "sley-store",
]

[[package]]
name = "sley-vm"
version = "2.0.0-alpha.0"
dependencies = [
 "sley-check",
 "sley-id",
 "sley-ssmc",
]

[[package]]
name = "tinyvec"
version = "1.12.0"
source = "registry+https://github.com/rust-lang/crates.io-index"
checksum = "bb4ebadaa0af04fab11ae01eb5f9fdb5f9c5b875506e210e71c07873528baa7f"
dependencies = [
 "tinyvec_macros",
]

[[package]]
name = "tinyvec_macros"
version = "0.1.1"
source = "registry+https://github.com/rust-lang/crates.io-index"
checksum = "1f3ccbac311fea05f86f61904b462b55fb3df8837a366dfc601a0161d0532f20"

[[package]]
name = "unicode-normalization"
version = "0.1.24"
source = "registry+https://github.com/rust-lang/crates.io-index"
checksum = "5033c97c4262335cded6d6fc3e5c18ab755e1a3dc96376350f3d8e9f009ad956"
dependencies = [
 "tinyvec",
]
